
Microsoft Visual Studio Solution File, Format Version 12.00
# Visual Studio 2015
Project("{FAE04EC0-301F-11D3-BF4B-00C04F79EFBC}") = "Assembly-CSharp", "Assembly-CSharp.csproj", "{182FF967-B015-80C6-A9FB-7ABD426AAE30}"
EndProject
Project("{FAE04EC0-301F-11D3-BF4B-00C04F79EFBC}") = "Assembly-CSharp-Editor", "Assembly-CSharp-Editor.csproj", "{B4120772-286E-2291-3C9F-99FB64DF4273}"
EndProject
Global
	GlobalSection(SolutionConfigurationPlatforms) = preSolution
		Debug|Any CPU = Debug|Any CPU
		Release|Any CPU = Release|Any CPU
	EndGlobalSection
	GlobalSection(ProjectConfigurationPlatforms) = postSolution
		{182FF967-B015-80C6-A9FB-7ABD426AAE30}.Debug|Any CPU.ActiveCfg = Debug|Any CPU
		{182FF967-B015-80C6-A9FB-7ABD426AAE30}.Debug|Any CPU.Build.0 = Debug|Any CPU
		{182FF967-B015-80C6-A9FB-7ABD426AAE30}.Release|Any CPU.ActiveCfg = Release|Any CPU
		{182FF967-B015-80C6-A9FB-7ABD426AAE30}.Release|Any CPU.Build.0 = Release|Any CPU
		{B4120772-286E-2291-3C9F-99FB64DF4273}.Debug|Any CPU.ActiveCfg = Debug|Any CPU
		{B4120772-286E-2291-3C9F-99FB64DF4273}.Debug|Any CPU.Build.0 = Debug|Any CPU
		{B4120772-286E-2291-3C9F-99FB64DF4273}.Release|Any CPU.ActiveCfg = Release|Any CPU
		{B4120772-286E-2291-3C9F-99FB64DF4273}.Release|Any CPU.Build.0 = Release|Any CPU
	EndGlobalSection
	GlobalSection(SolutionProperties) = preSolution
		HideSolutionNode = FALSE
	EndGlobalSection
EndGlobal
