
Microsoft Visual Studio Solution File, Format Version 12.00
# Visual Studio 2015
Project("{FAE04EC0-301F-11D3-BF4B-00C04F79EFBC}") = "Assembly-CSharp", "Assembly-CSharp.csproj", "{0A929890-0F65-52E3-7C51-4C92ADFDE93B}"
EndProject
Project("{FAE04EC0-301F-11D3-BF4B-00C04F79EFBC}") = "Assembly-CSharp-Editor", "Assembly-CSharp-Editor.csproj", "{0ABA3272-8EA5-9DBC-28DD-17D3EE9D0D60}"
EndProject
Global
	GlobalSection(SolutionConfigurationPlatforms) = preSolution
		Debug|Any CPU = Debug|Any CPU
		Release|Any CPU = Release|Any CPU
	EndGlobalSection
	GlobalSection(ProjectConfigurationPlatforms) = postSolution
		{0A929890-0F65-52E3-7C51-4C92ADFDE93B}.Debug|Any CPU.ActiveCfg = Debug|Any CPU
		{0A929890-0F65-52E3-7C51-4C92ADFDE93B}.Debug|Any CPU.Build.0 = Debug|Any CPU
		{0A929890-0F65-52E3-7C51-4C92ADFDE93B}.Release|Any CPU.ActiveCfg = Release|Any CPU
		{0A929890-0F65-52E3-7C51-4C92ADFDE93B}.Release|Any CPU.Build.0 = Release|Any CPU
		{0ABA3272-8EA5-9DBC-28DD-17D3EE9D0D60}.Debug|Any CPU.ActiveCfg = Debug|Any CPU
		{0ABA3272-8EA5-9DBC-28DD-17D3EE9D0D60}.Debug|Any CPU.Build.0 = Debug|Any CPU
		{0ABA3272-8EA5-9DBC-28DD-17D3EE9D0D60}.Release|Any CPU.ActiveCfg = Release|Any CPU
		{0ABA3272-8EA5-9DBC-28DD-17D3EE9D0D60}.Release|Any CPU.Build.0 = Release|Any CPU
	EndGlobalSection
	GlobalSection(SolutionProperties) = preSolution
		HideSolutionNode = FALSE
	EndGlobalSection
EndGlobal
