
Microsoft Visual Studio Solution File, Format Version 12.00
# Visual Studio 2015
Project("{FAE04EC0-301F-11D3-BF4B-00C04F79EFBC}") = "Assembly-CSharp", "Assembly-CSharp.csproj", "{82D3453E-7551-D8BA-EFA7-007C2F82E300}"
EndProject
Project("{FAE04EC0-301F-11D3-BF4B-00C04F79EFBC}") = "Assembly-CSharp-Editor", "Assembly-CSharp-Editor.csproj", "{65883F80-290C-6E5B-A5A2-52992FDEF514}"
EndProject
Global
	GlobalSection(SolutionConfigurationPlatforms) = preSolution
		Debug|Any CPU = Debug|Any CPU
		Release|Any CPU = Release|Any CPU
	EndGlobalSection
	GlobalSection(ProjectConfigurationPlatforms) = postSolution
		{82D3453E-7551-D8BA-EFA7-007C2F82E300}.Debug|Any CPU.ActiveCfg = Debug|Any CPU
		{82D3453E-7551-D8BA-EFA7-007C2F82E300}.Debug|Any CPU.Build.0 = Debug|Any CPU
		{82D3453E-7551-D8BA-EFA7-007C2F82E300}.Release|Any CPU.ActiveCfg = Release|Any CPU
		{82D3453E-7551-D8BA-EFA7-007C2F82E300}.Release|Any CPU.Build.0 = Release|Any CPU
		{65883F80-290C-6E5B-A5A2-52992FDEF514}.Debug|Any CPU.ActiveCfg = Debug|Any CPU
		{65883F80-290C-6E5B-A5A2-52992FDEF514}.Debug|Any CPU.Build.0 = Debug|Any CPU
		{65883F80-290C-6E5B-A5A2-52992FDEF514}.Release|Any CPU.ActiveCfg = Release|Any CPU
		{65883F80-290C-6E5B-A5A2-52992FDEF514}.Release|Any CPU.Build.0 = Release|Any CPU
	EndGlobalSection
	GlobalSection(SolutionProperties) = preSolution
		HideSolutionNode = FALSE
	EndGlobalSection
EndGlobal
