
Microsoft Visual Studio Solution File, Format Version 12.00
# Visual Studio 2015
Project("{FAE04EC0-301F-11D3-BF4B-00C04F79EFBC}") = "Assembly-CSharp", "Assembly-CSharp.csproj", "{C61A5393-A4DD-E1F4-BC84-EA469E05D66F}"
EndProject
Project("{FAE04EC0-301F-11D3-BF4B-00C04F79EFBC}") = "Assembly-CSharp-Editor", "Assembly-CSharp-Editor.csproj", "{679098C1-09D3-446E-3FA4-6F4BD6B5F95A}"
EndProject
Global
	GlobalSection(SolutionConfigurationPlatforms) = preSolution
		Debug|Any CPU = Debug|Any CPU
		Release|Any CPU = Release|Any CPU
	EndGlobalSection
	GlobalSection(ProjectConfigurationPlatforms) = postSolution
		{C61A5393-A4DD-E1F4-BC84-EA469E05D66F}.Debug|Any CPU.ActiveCfg = Debug|Any CPU
		{C61A5393-A4DD-E1F4-BC84-EA469E05D66F}.Debug|Any CPU.Build.0 = Debug|Any CPU
		{C61A5393-A4DD-E1F4-BC84-EA469E05D66F}.Release|Any CPU.ActiveCfg = Release|Any CPU
		{C61A5393-A4DD-E1F4-BC84-EA469E05D66F}.Release|Any CPU.Build.0 = Release|Any CPU
		{679098C1-09D3-446E-3FA4-6F4BD6B5F95A}.Debug|Any CPU.ActiveCfg = Debug|Any CPU
		{679098C1-09D3-446E-3FA4-6F4BD6B5F95A}.Debug|Any CPU.Build.0 = Debug|Any CPU
		{679098C1-09D3-446E-3FA4-6F4BD6B5F95A}.Release|Any CPU.ActiveCfg = Release|Any CPU
		{679098C1-09D3-446E-3FA4-6F4BD6B5F95A}.Release|Any CPU.Build.0 = Release|Any CPU
	EndGlobalSection
	GlobalSection(SolutionProperties) = preSolution
		HideSolutionNode = FALSE
	EndGlobalSection
EndGlobal
